
Microsoft Visual Studio Solution File, Format Version 12.00
# TcXaeShell Solution File, Format Version 11.00
VisualStudioVersion = 17.0.34302.85
MinimumVisualStudioVersion = 10.0.40219.1
Project("{B1E792BE-AA5F-4E3C-8C82-674BF9C0715B}") = "TwinCAT Projekt2", "TwinCAT Projekt2\TwinCAT Projekt2.tsproj", "{156FD5BB-C099-C62F-7DA8-9B9FB2F2F276}"
EndProject
Global
	GlobalSection(SolutionConfigurationPlatforms) = preSolution
		Debug|TwinCAT OS (ARMV7-A) = Debug|TwinCAT OS (ARMV7-A)
		Debug|TwinCAT OS (ARMV7-M) = Debug|TwinCAT OS (ARMV7-M)
		Debug|TwinCAT OS (ARMV8-A) = Debug|TwinCAT OS (ARMV8-A)
		Debug|TwinCAT OS (x64) = Debug|TwinCAT OS (x64)
		Debug|TwinCAT RT (x64) = Debug|TwinCAT RT (x64)
		Debug|TwinCAT RT (x86) = Debug|TwinCAT RT (x86)
		Release|TwinCAT OS (ARMV7-A) = Release|TwinCAT OS (ARMV7-A)
		Release|TwinCAT OS (ARMV7-M) = Release|TwinCAT OS (ARMV7-M)
		Release|TwinCAT OS (ARMV8-A) = Release|TwinCAT OS (ARMV8-A)
		Release|TwinCAT OS (x64) = Release|TwinCAT OS (x64)
		Release|TwinCAT RT (x64) = Release|TwinCAT RT (x64)
		Release|TwinCAT RT (x86) = Release|TwinCAT RT (x86)
	EndGlobalSection
	GlobalSection(ProjectConfigurationPlatforms) = postSolution
		{156FD5BB-C099-C62F-7DA8-9B9FB2F2F276}.Debug|TwinCAT OS (ARMV7-A).ActiveCfg = Debug|TwinCAT OS (ARMV7-A)
		{156FD5BB-C099-C62F-7DA8-9B9FB2F2F276}.Debug|TwinCAT OS (ARMV7-A).Build.0 = Debug|TwinCAT OS (ARMV7-A)
		{156FD5BB-C099-C62F-7DA8-9B9FB2F2F276}.Debug|TwinCAT OS (ARMV7-M).ActiveCfg = Debug|TwinCAT OS (ARMV7-M)
		{156FD5BB-C099-C62F-7DA8-9B9FB2F2F276}.Debug|TwinCAT OS (ARMV7-M).Build.0 = Debug|TwinCAT OS (ARMV7-M)
		{156FD5BB-C099-C62F-7DA8-9B9FB2F2F276}.Debug|TwinCAT OS (ARMV8-A).ActiveCfg = Debug|TwinCAT OS (ARMV8-A)
		{156FD5BB-C099-C62F-7DA8-9B9FB2F2F276}.Debug|TwinCAT OS (ARMV8-A).Build.0 = Debug|TwinCAT OS (ARMV8-A)
		{156FD5BB-C099-C62F-7DA8-9B9FB2F2F276}.Debug|TwinCAT OS (x64).ActiveCfg = Debug|TwinCAT OS (x64)
		{156FD5BB-C099-C62F-7DA8-9B9FB2F2F276}.Debug|TwinCAT OS (x64).Build.0 = Debug|TwinCAT OS (x64)
		{156FD5BB-C099-C62F-7DA8-9B9FB2F2F276}.Debug|TwinCAT RT (x64).ActiveCfg = Debug|TwinCAT RT (x64)
		{156FD5BB-C099-C62F-7DA8-9B9FB2F2F276}.Debug|TwinCAT RT (x64).Build.0 = Debug|TwinCAT RT (x64)
		{156FD5BB-C099-C62F-7DA8-9B9FB2F2F276}.Debug|TwinCAT RT (x86).ActiveCfg = Debug|TwinCAT RT (x86)
		{156FD5BB-C099-C62F-7DA8-9B9FB2F2F276}.Debug|TwinCAT RT (x86).Build.0 = Debug|TwinCAT RT (x86)
		{156FD5BB-C099-C62F-7DA8-9B9FB2F2F276}.Release|TwinCAT OS (ARMV7-A).ActiveCfg = Release|TwinCAT OS (ARMV7-A)
		{156FD5BB-C099-C62F-7DA8-9B9FB2F2F276}.Release|TwinCAT OS (ARMV7-A).Build.0 = Release|TwinCAT OS (ARMV7-A)
		{156FD5BB-C099-C62F-7DA8-9B9FB2F2F276}.Release|TwinCAT OS (ARMV7-M).ActiveCfg = Release|TwinCAT OS (ARMV7-M)
		{156FD5BB-C099-C62F-7DA8-9B9FB2F2F276}.Release|TwinCAT OS (ARMV7-M).Build.0 = Release|TwinCAT OS (ARMV7-M)
		{156FD5BB-C099-C62F-7DA8-9B9FB2F2F276}.Release|TwinCAT OS (ARMV8-A).ActiveCfg = Release|TwinCAT OS (ARMV8-A)
		{156FD5BB-C099-C62F-7DA8-9B9FB2F2F276}.Release|TwinCAT OS (ARMV8-A).Build.0 = Release|TwinCAT OS (ARMV8-A)
		{156FD5BB-C099-C62F-7DA8-9B9FB2F2F276}.Release|TwinCAT OS (x64).ActiveCfg = Release|TwinCAT OS (x64)
		{156FD5BB-C099-C62F-7DA8-9B9FB2F2F276}.Release|TwinCAT OS (x64).Build.0 = Release|TwinCAT OS (x64)
		{156FD5BB-C099-C62F-7DA8-9B9FB2F2F276}.Release|TwinCAT RT (x64).ActiveCfg = Release|TwinCAT RT (x64)
		{156FD5BB-C099-C62F-7DA8-9B9FB2F2F276}.Release|TwinCAT RT (x64).Build.0 = Release|TwinCAT RT (x64)
		{156FD5BB-C099-C62F-7DA8-9B9FB2F2F276}.Release|TwinCAT RT (x86).ActiveCfg = Release|TwinCAT RT (x86)
		{156FD5BB-C099-C62F-7DA8-9B9FB2F2F276}.Release|TwinCAT RT (x86).Build.0 = Release|TwinCAT RT (x86)
		{5C37CC2F-CE90-4B51-826B-42B1574B1C63}.Debug|TwinCAT OS (ARMV7-A).ActiveCfg = Debug|TwinCAT OS (ARMV7-A)
		{5C37CC2F-CE90-4B51-826B-42B1574B1C63}.Debug|TwinCAT OS (ARMV7-A).Build.0 = Debug|TwinCAT OS (ARMV7-A)
		{5C37CC2F-CE90-4B51-826B-42B1574B1C63}.Debug|TwinCAT OS (ARMV7-M).ActiveCfg = Debug|TwinCAT OS (ARMV7-M)
		{5C37CC2F-CE90-4B51-826B-42B1574B1C63}.Debug|TwinCAT OS (ARMV7-M).Build.0 = Debug|TwinCAT OS (ARMV7-M)
		{5C37CC2F-CE90-4B51-826B-42B1574B1C63}.Debug|TwinCAT OS (ARMV8-A).ActiveCfg = Debug|TwinCAT OS (ARMV8-A)
		{5C37CC2F-CE90-4B51-826B-42B1574B1C63}.Debug|TwinCAT OS (ARMV8-A).Build.0 = Debug|TwinCAT OS (ARMV8-A)
		{5C37CC2F-CE90-4B51-826B-42B1574B1C63}.Debug|TwinCAT OS (x64).ActiveCfg = Debug|TwinCAT OS (x64)
		{5C37CC2F-CE90-4B51-826B-42B1574B1C63}.Debug|TwinCAT OS (x64).Build.0 = Debug|TwinCAT OS (x64)
		{5C37CC2F-CE90-4B51-826B-42B1574B1C63}.Debug|TwinCAT RT (x64).ActiveCfg = Debug|TwinCAT RT (x64)
		{5C37CC2F-CE90-4B51-826B-42B1574B1C63}.Debug|TwinCAT RT (x64).Build.0 = Debug|TwinCAT RT (x64)
		{5C37CC2F-CE90-4B51-826B-42B1574B1C63}.Debug|TwinCAT RT (x86).ActiveCfg = Debug|TwinCAT RT (x86)
		{5C37CC2F-CE90-4B51-826B-42B1574B1C63}.Debug|TwinCAT RT (x86).Build.0 = Debug|TwinCAT RT (x86)
		{5C37CC2F-CE90-4B51-826B-42B1574B1C63}.Release|TwinCAT OS (ARMV7-A).ActiveCfg = Release|TwinCAT OS (ARMV7-A)
		{5C37CC2F-CE90-4B51-826B-42B1574B1C63}.Release|TwinCAT OS (ARMV7-A).Build.0 = Release|TwinCAT OS (ARMV7-A)
		{5C37CC2F-CE90-4B51-826B-42B1574B1C63}.Release|TwinCAT OS (ARMV7-M).ActiveCfg = Release|TwinCAT OS (ARMV7-M)
		{5C37CC2F-CE90-4B51-826B-42B1574B1C63}.Release|TwinCAT OS (ARMV7-M).Build.0 = Release|TwinCAT OS (ARMV7-M)
		{5C37CC2F-CE90-4B51-826B-42B1574B1C63}.Release|TwinCAT OS (ARMV8-A).ActiveCfg = Release|TwinCAT OS (ARMV8-A)
		{5C37CC2F-CE90-4B51-826B-42B1574B1C63}.Release|TwinCAT OS (ARMV8-A).Build.0 = Release|TwinCAT OS (ARMV8-A)
		{5C37CC2F-CE90-4B51-826B-42B1574B1C63}.Release|TwinCAT OS (x64).ActiveCfg = Release|TwinCAT OS (x64)
		{5C37CC2F-CE90-4B51-826B-42B1574B1C63}.Release|TwinCAT OS (x64).Build.0 = Release|TwinCAT OS (x64)
		{5C37CC2F-CE90-4B51-826B-42B1574B1C63}.Release|TwinCAT RT (x64).ActiveCfg = Release|TwinCAT RT (x64)
		{5C37CC2F-CE90-4B51-826B-42B1574B1C63}.Release|TwinCAT RT (x64).Build.0 = Release|TwinCAT RT (x64)
		{5C37CC2F-CE90-4B51-826B-42B1574B1C63}.Release|TwinCAT RT (x86).ActiveCfg = Release|TwinCAT RT (x86)
		{5C37CC2F-CE90-4B51-826B-42B1574B1C63}.Release|TwinCAT RT (x86).Build.0 = Release|TwinCAT RT (x86)
	EndGlobalSection
	GlobalSection(SolutionProperties) = preSolution
		HideSolutionNode = FALSE
	EndGlobalSection
	GlobalSection(ExtensibilityGlobals) = postSolution
		SolutionGuid = {AE3CDFB9-9A70-4DAE-AC27-FE48E8C4770C}
	EndGlobalSection
EndGlobal
